
Microsoft Visual Studio Solution File, Format Version 9.00
# Visual Studio 2005
Project("{FAE04EC0-301F-11D3-BF4B-00C04F79EFBC}") = "SJRAtlas.Site", "SJRAtlas.Site\SJRAtlas.Site.csproj", "{136FD2E6-F684-4A3E-85D2-9A1B2B6896C5}"
	ProjectSection(WebsiteProperties) = preProject
		Debug.AspNetCompiler.Debug = "True"
		Release.AspNetCompiler.Debug = "False"
	EndProjectSection
EndProject
Project("{FAE04EC0-301F-11D3-BF4B-00C04F79EFBC}") = "SJRAtlas.Site.Tests", "SJRAtlas.Site.Tests\SJRAtlas.Site.Tests.csproj", "{9BA4FA25-68C9-4A65-B911-4570AA9B78A9}"
	ProjectSection(WebsiteProperties) = preProject
		Debug.AspNetCompiler.Debug = "True"
		Release.AspNetCompiler.Debug = "False"
	EndProjectSection
	ProjectSection(ProjectDependencies) = postProject
		{136FD2E6-F684-4A3E-85D2-9A1B2B6896C5} = {136FD2E6-F684-4A3E-85D2-9A1B2B6896C5}
		{81B151EF-4C5F-4E0B-82A5-A2276975693D} = {81B151EF-4C5F-4E0B-82A5-A2276975693D}
	EndProjectSection
EndProject
Project("{FAE04EC0-301F-11D3-BF4B-00C04F79EFBC}") = "SJRAtlas.Core", "SJRAtlas.Core\SJRAtlas.Core.csproj", "{81B151EF-4C5F-4E0B-82A5-A2276975693D}"
	ProjectSection(WebsiteProperties) = preProject
		Debug.AspNetCompiler.Debug = "True"
		Release.AspNetCompiler.Debug = "False"
	EndProjectSection
EndProject
Project("{FAE04EC0-301F-11D3-BF4B-00C04F79EFBC}") = "SJRAtlas.CGNS", "SJRAtlas.CGNS\SJRAtlas.CGNS.csproj", "{EFFBFE5A-24F2-41A0-AFCC-4748C854D35D}"
	ProjectSection(WebsiteProperties) = preProject
		Debug.AspNetCompiler.Debug = "True"
		Release.AspNetCompiler.Debug = "False"
	EndProjectSection
EndProject
Project("{FAE04EC0-301F-11D3-BF4B-00C04F79EFBC}") = "SJRAtlas.CGNS.Tests", "SJRAtlas.CGNS.Tests\SJRAtlas.CGNS.Tests.csproj", "{D3F68955-E659-4423-8ED0-564098395ED0}"
	ProjectSection(WebsiteProperties) = preProject
		Debug.AspNetCompiler.Debug = "True"
		Release.AspNetCompiler.Debug = "False"
	EndProjectSection
EndProject
Project("{FAE04EC0-301F-11D3-BF4B-00C04F79EFBC}") = "SJRAtlas.Metadata", "SJRAtlas.Metadata\SJRAtlas.Metadata.csproj", "{A77510F2-B5B1-452D-BA36-97FF08A675C2}"
	ProjectSection(WebsiteProperties) = preProject
		Debug.AspNetCompiler.Debug = "True"
		Release.AspNetCompiler.Debug = "False"
	EndProjectSection
EndProject
Project("{FAE04EC0-301F-11D3-BF4B-00C04F79EFBC}") = "SJRAtlas.Metadata.Tests", "SJRAtlas.Metadata.Tests\SJRAtlas.Metadata.Tests.csproj", "{BEEA6AF4-6EC9-4C4B-8847-1DDF9D912810}"
	ProjectSection(WebsiteProperties) = preProject
		Debug.AspNetCompiler.Debug = "True"
		Release.AspNetCompiler.Debug = "False"
	EndProjectSection
EndProject
Project("{FAE04EC0-301F-11D3-BF4B-00C04F79EFBC}") = "SJRAtlas.DataWarehouse", "SJRAtlas.DataWarehouse\SJRAtlas.DataWarehouse.csproj", "{58FDF5DA-0B28-4D2C-8507-F36C7CF880FF}"
	ProjectSection(WebsiteProperties) = preProject
		Debug.AspNetCompiler.Debug = "True"
		Release.AspNetCompiler.Debug = "False"
	EndProjectSection
EndProject
Project("{FAE04EC0-301F-11D3-BF4B-00C04F79EFBC}") = "SJRAtlas.DataWarehouse.Tests", "SJRAtlas.DataWarehouse.Tests\SJRAtlas.DataWarehouse.Tests.csproj", "{D5006849-B9D3-4A90-8BAE-F41147F4C8A5}"
	ProjectSection(WebsiteProperties) = preProject
		Debug.AspNetCompiler.Debug = "True"
		Release.AspNetCompiler.Debug = "False"
	EndProjectSection
EndProject
Project("{FAE04EC0-301F-11D3-BF4B-00C04F79EFBC}") = "SJRAtlas.Functional.Tests", "SJRAtlas.Functional.Tests\SJRAtlas.Functional.Tests.csproj", "{0470B44A-6ADF-4319-8AB7-1D190324C185}"
	ProjectSection(WebsiteProperties) = preProject
		Debug.AspNetCompiler.Debug = "True"
		Release.AspNetCompiler.Debug = "False"
	EndProjectSection
EndProject
Project("{FAE04EC0-301F-11D3-BF4B-00C04F79EFBC}") = "SJRAtlas.Models", "SJRAtlas.Models\SJRAtlas.Models.csproj", "{43819902-84F0-47AB-B474-C1EF5E89ED8A}"
	ProjectSection(WebsiteProperties) = preProject
		Debug.AspNetCompiler.Debug = "True"
		Release.AspNetCompiler.Debug = "False"
	EndProjectSection
EndProject
Project("{FAE04EC0-301F-11D3-BF4B-00C04F79EFBC}") = "SJRAtlas.Models.Tests", "SJRAtlas.Models.Tests\SJRAtlas.Models.Tests.csproj", "{529FB8AB-2830-42BD-96A9-2EFBFFC451DA}"
	ProjectSection(WebsiteProperties) = preProject
		Debug.AspNetCompiler.Debug = "True"
		Release.AspNetCompiler.Debug = "False"
	EndProjectSection
EndProject
Global
	GlobalSection(SolutionConfigurationPlatforms) = preSolution
		Debug|Any CPU = Debug|Any CPU
		Release|Any CPU = Release|Any CPU
	EndGlobalSection
	GlobalSection(ProjectConfigurationPlatforms) = postSolution
		{136FD2E6-F684-4A3E-85D2-9A1B2B6896C5}.Debug|Any CPU.ActiveCfg = Debug|Any CPU
		{136FD2E6-F684-4A3E-85D2-9A1B2B6896C5}.Debug|Any CPU.Build.0 = Debug|Any CPU
		{136FD2E6-F684-4A3E-85D2-9A1B2B6896C5}.Release|Any CPU.ActiveCfg = Release|Any CPU
		{136FD2E6-F684-4A3E-85D2-9A1B2B6896C5}.Release|Any CPU.Build.0 = Release|Any CPU
		{9BA4FA25-68C9-4A65-B911-4570AA9B78A9}.Debug|Any CPU.ActiveCfg = Debug|Any CPU
		{9BA4FA25-68C9-4A65-B911-4570AA9B78A9}.Debug|Any CPU.Build.0 = Debug|Any CPU
		{9BA4FA25-68C9-4A65-B911-4570AA9B78A9}.Release|Any CPU.ActiveCfg = Release|Any CPU
		{9BA4FA25-68C9-4A65-B911-4570AA9B78A9}.Release|Any CPU.Build.0 = Release|Any CPU
		{81B151EF-4C5F-4E0B-82A5-A2276975693D}.Debug|Any CPU.ActiveCfg = Debug|Any CPU
		{81B151EF-4C5F-4E0B-82A5-A2276975693D}.Debug|Any CPU.Build.0 = Debug|Any CPU
		{81B151EF-4C5F-4E0B-82A5-A2276975693D}.Release|Any CPU.ActiveCfg = Release|Any CPU
		{81B151EF-4C5F-4E0B-82A5-A2276975693D}.Release|Any CPU.Build.0 = Release|Any CPU
		{EFFBFE5A-24F2-41A0-AFCC-4748C854D35D}.Debug|Any CPU.ActiveCfg = Debug|Any CPU
		{EFFBFE5A-24F2-41A0-AFCC-4748C854D35D}.Debug|Any CPU.Build.0 = Debug|Any CPU
		{EFFBFE5A-24F2-41A0-AFCC-4748C854D35D}.Release|Any CPU.ActiveCfg = Release|Any CPU
		{EFFBFE5A-24F2-41A0-AFCC-4748C854D35D}.Release|Any CPU.Build.0 = Release|Any CPU
		{D3F68955-E659-4423-8ED0-564098395ED0}.Debug|Any CPU.ActiveCfg = Debug|Any CPU
		{D3F68955-E659-4423-8ED0-564098395ED0}.Debug|Any CPU.Build.0 = Debug|Any CPU
		{D3F68955-E659-4423-8ED0-564098395ED0}.Release|Any CPU.ActiveCfg = Release|Any CPU
		{D3F68955-E659-4423-8ED0-564098395ED0}.Release|Any CPU.Build.0 = Release|Any CPU
		{A77510F2-B5B1-452D-BA36-97FF08A675C2}.Debug|Any CPU.ActiveCfg = Debug|Any CPU
		{A77510F2-B5B1-452D-BA36-97FF08A675C2}.Debug|Any CPU.Build.0 = Debug|Any CPU
		{A77510F2-B5B1-452D-BA36-97FF08A675C2}.Release|Any CPU.ActiveCfg = Release|Any CPU
		{A77510F2-B5B1-452D-BA36-97FF08A675C2}.Release|Any CPU.Build.0 = Release|Any CPU
		{BEEA6AF4-6EC9-4C4B-8847-1DDF9D912810}.Debug|Any CPU.ActiveCfg = Debug|Any CPU
		{BEEA6AF4-6EC9-4C4B-8847-1DDF9D912810}.Debug|Any CPU.Build.0 = Debug|Any CPU
		{BEEA6AF4-6EC9-4C4B-8847-1DDF9D912810}.Release|Any CPU.ActiveCfg = Release|Any CPU
		{BEEA6AF4-6EC9-4C4B-8847-1DDF9D912810}.Release|Any CPU.Build.0 = Release|Any CPU
		{58FDF5DA-0B28-4D2C-8507-F36C7CF880FF}.Debug|Any CPU.ActiveCfg = Debug|Any CPU
		{58FDF5DA-0B28-4D2C-8507-F36C7CF880FF}.Debug|Any CPU.Build.0 = Debug|Any CPU
		{58FDF5DA-0B28-4D2C-8507-F36C7CF880FF}.Release|Any CPU.ActiveCfg = Release|Any CPU
		{58FDF5DA-0B28-4D2C-8507-F36C7CF880FF}.Release|Any CPU.Build.0 = Release|Any CPU
		{D5006849-B9D3-4A90-8BAE-F41147F4C8A5}.Debug|Any CPU.ActiveCfg = Debug|Any CPU
		{D5006849-B9D3-4A90-8BAE-F41147F4C8A5}.Debug|Any CPU.Build.0 = Debug|Any CPU
		{D5006849-B9D3-4A90-8BAE-F41147F4C8A5}.Release|Any CPU.ActiveCfg = Release|Any CPU
		{D5006849-B9D3-4A90-8BAE-F41147F4C8A5}.Release|Any CPU.Build.0 = Release|Any CPU
		{0470B44A-6ADF-4319-8AB7-1D190324C185}.Debug|Any CPU.ActiveCfg = Debug|Any CPU
		{0470B44A-6ADF-4319-8AB7-1D190324C185}.Debug|Any CPU.Build.0 = Debug|Any CPU
		{0470B44A-6ADF-4319-8AB7-1D190324C185}.Release|Any CPU.ActiveCfg = Release|Any CPU
		{0470B44A-6ADF-4319-8AB7-1D190324C185}.Release|Any CPU.Build.0 = Release|Any CPU
		{43819902-84F0-47AB-B474-C1EF5E89ED8A}.Debug|Any CPU.ActiveCfg = Debug|Any CPU
		{43819902-84F0-47AB-B474-C1EF5E89ED8A}.Debug|Any CPU.Build.0 = Debug|Any CPU
		{43819902-84F0-47AB-B474-C1EF5E89ED8A}.Release|Any CPU.ActiveCfg = Release|Any CPU
		{43819902-84F0-47AB-B474-C1EF5E89ED8A}.Release|Any CPU.Build.0 = Release|Any CPU
		{529FB8AB-2830-42BD-96A9-2EFBFFC451DA}.Debug|Any CPU.ActiveCfg = Debug|Any CPU
		{529FB8AB-2830-42BD-96A9-2EFBFFC451DA}.Debug|Any CPU.Build.0 = Debug|Any CPU
		{529FB8AB-2830-42BD-96A9-2EFBFFC451DA}.Release|Any CPU.ActiveCfg = Release|Any CPU
		{529FB8AB-2830-42BD-96A9-2EFBFFC451DA}.Release|Any CPU.Build.0 = Release|Any CPU
	EndGlobalSection
	GlobalSection(SolutionProperties) = preSolution
		HideSolutionNode = FALSE
	EndGlobalSection
EndGlobal
